
Microsoft Visual Studio Solution File, Format Version 11.00
# Visual Studio 2010
Project("{FAE04EC0-301F-11D3-BF4B-00C04F79EFBC}") = "EricUtility_4.0", "EricUtility\EricUtility_4.0.csproj", "{31541BBE-B408-4719-BFCE-03947BB7AB0E}"
EndProject
Project("{FAE04EC0-301F-11D3-BF4B-00C04F79EFBC}") = "EricUtilityCollections_4.0", "EricUtilityCollections\EricUtilityCollections_4.0.csproj", "{B8B8FC45-F16D-4380-91FD-F08B365C74A7}"
EndProject
Project("{FAE04EC0-301F-11D3-BF4B-00C04F79EFBC}") = "EricUtilityNetworking_4.0", "EricUtilityNetworking\EricUtilityNetworking_4.0.csproj", "{455F649D-B01B-4B20-B648-805461BF3142}"
EndProject
Project("{FAE04EC0-301F-11D3-BF4B-00C04F79EFBC}") = "LouMapInfoApp", "LouMapInfoApp\LouMapInfoApp.csproj", "{B90EB1EA-6095-49C1-8DC1-1FA1D1BF3D84}"
EndProject
Project("{FAE04EC0-301F-11D3-BF4B-00C04F79EFBC}") = "LouMapInfoLib", "LouMapInfoLib\LouMapInfoLib.csproj", "{94FCF27F-D4F1-456F-9D5E-60C40E4A45CB}"
EndProject
Project("{FAE04EC0-301F-11D3-BF4B-00C04F79EFBC}") = "EricUtilityWinForms_4.0", "..\..\..\Desktop\Programmation\C#\LouMapInfo\EricUtilityWinForms\EricUtilityWinForms_4.0.csproj", "{13AC29CB-866A-4954-B376-7FCA5412DDF1}"
EndProject
Project("{6141683F-8A12-4E36-9623-2EB02B2C2303}") = "LouMapInfoInstallShield", "LouMapInfoInstallShield\LouMapInfoInstallShield.isproj", "{0AFBA132-21FF-439B-9967-D3DA56484386}"
EndProject
Project("{FAE04EC0-301F-11D3-BF4B-00C04F79EFBC}") = "LouMapInfoOnline", "LoUMapInfoOnline\LouMapInfoOnline.csproj", "{42724157-1008-4F85-8739-52AAA0BC5705}"
EndProject
Project("{FAE04EC0-301F-11D3-BF4B-00C04F79EFBC}") = "LouMapInfoOnlineMVC", "LouMapInfoOnlineMVC\LouMapInfoOnlineMVC.csproj", "{CC96156B-A842-4456-9A34-F9C6B3F616F0}"
EndProject
Project("{FAE04EC0-301F-11D3-BF4B-00C04F79EFBC}") = "LouMapInfoOnlineMVC.Tests", "LouMapInfoOnlineMVC.Tests\LouMapInfoOnlineMVC.Tests.csproj", "{84931840-8BE3-4809-90C5-00E92D39E248}"
EndProject
Global
	GlobalSection(SubversionScc) = preSolution
		Svn-Managed = True
		Manager = AnkhSVN - Subversion Support for Visual Studio
	EndGlobalSection
	GlobalSection(SolutionConfigurationPlatforms) = preSolution
		CD_ROM|Any CPU = CD_ROM|Any CPU
		CD_ROM|Mixed Platforms = CD_ROM|Mixed Platforms
		CD_ROM|x86 = CD_ROM|x86
		Debug|Any CPU = Debug|Any CPU
		Debug|Mixed Platforms = Debug|Mixed Platforms
		Debug|x86 = Debug|x86
		DVD-5|Any CPU = DVD-5|Any CPU
		DVD-5|Mixed Platforms = DVD-5|Mixed Platforms
		DVD-5|x86 = DVD-5|x86
		Release|Any CPU = Release|Any CPU
		Release|Mixed Platforms = Release|Mixed Platforms
		Release|x86 = Release|x86
		SingleImage|Any CPU = SingleImage|Any CPU
		SingleImage|Mixed Platforms = SingleImage|Mixed Platforms
		SingleImage|x86 = SingleImage|x86
	EndGlobalSection
	GlobalSection(ProjectConfigurationPlatforms) = postSolution
		{31541BBE-B408-4719-BFCE-03947BB7AB0E}.CD_ROM|Any CPU.ActiveCfg = Release|Any CPU
		{31541BBE-B408-4719-BFCE-03947BB7AB0E}.CD_ROM|Any CPU.Build.0 = Release|Any CPU
		{31541BBE-B408-4719-BFCE-03947BB7AB0E}.CD_ROM|Mixed Platforms.ActiveCfg = Release|Any CPU
		{31541BBE-B408-4719-BFCE-03947BB7AB0E}.CD_ROM|Mixed Platforms.Build.0 = Release|Any CPU
		{31541BBE-B408-4719-BFCE-03947BB7AB0E}.CD_ROM|x86.ActiveCfg = Release|Any CPU
		{31541BBE-B408-4719-BFCE-03947BB7AB0E}.Debug|Any CPU.ActiveCfg = Debug|Any CPU
		{31541BBE-B408-4719-BFCE-03947BB7AB0E}.Debug|Any CPU.Build.0 = Debug|Any CPU
		{31541BBE-B408-4719-BFCE-03947BB7AB0E}.Debug|Mixed Platforms.ActiveCfg = Debug|Any CPU
		{31541BBE-B408-4719-BFCE-03947BB7AB0E}.Debug|Mixed Platforms.Build.0 = Debug|Any CPU
		{31541BBE-B408-4719-BFCE-03947BB7AB0E}.Debug|x86.ActiveCfg = Debug|Any CPU
		{31541BBE-B408-4719-BFCE-03947BB7AB0E}.DVD-5|Any CPU.ActiveCfg = Debug|Any CPU
		{31541BBE-B408-4719-BFCE-03947BB7AB0E}.DVD-5|Any CPU.Build.0 = Debug|Any CPU
		{31541BBE-B408-4719-BFCE-03947BB7AB0E}.DVD-5|Mixed Platforms.ActiveCfg = Debug|Any CPU
		{31541BBE-B408-4719-BFCE-03947BB7AB0E}.DVD-5|Mixed Platforms.Build.0 = Debug|Any CPU
		{31541BBE-B408-4719-BFCE-03947BB7AB0E}.DVD-5|x86.ActiveCfg = Debug|Any CPU
		{31541BBE-B408-4719-BFCE-03947BB7AB0E}.Release|Any CPU.ActiveCfg = Release|Any CPU
		{31541BBE-B408-4719-BFCE-03947BB7AB0E}.Release|Any CPU.Build.0 = Release|Any CPU
		{31541BBE-B408-4719-BFCE-03947BB7AB0E}.Release|Mixed Platforms.ActiveCfg = Release|Any CPU
		{31541BBE-B408-4719-BFCE-03947BB7AB0E}.Release|Mixed Platforms.Build.0 = Release|Any CPU
		{31541BBE-B408-4719-BFCE-03947BB7AB0E}.Release|x86.ActiveCfg = Release|Any CPU
		{31541BBE-B408-4719-BFCE-03947BB7AB0E}.SingleImage|Any CPU.ActiveCfg = Release|Any CPU
		{31541BBE-B408-4719-BFCE-03947BB7AB0E}.SingleImage|Any CPU.Build.0 = Release|Any CPU
		{31541BBE-B408-4719-BFCE-03947BB7AB0E}.SingleImage|Mixed Platforms.ActiveCfg = Release|Any CPU
		{31541BBE-B408-4719-BFCE-03947BB7AB0E}.SingleImage|Mixed Platforms.Build.0 = Release|Any CPU
		{31541BBE-B408-4719-BFCE-03947BB7AB0E}.SingleImage|x86.ActiveCfg = Release|Any CPU
		{B8B8FC45-F16D-4380-91FD-F08B365C74A7}.CD_ROM|Any CPU.ActiveCfg = Release|Any CPU
		{B8B8FC45-F16D-4380-91FD-F08B365C74A7}.CD_ROM|Any CPU.Build.0 = Release|Any CPU
		{B8B8FC45-F16D-4380-91FD-F08B365C74A7}.CD_ROM|Mixed Platforms.ActiveCfg = Release|Any CPU
		{B8B8FC45-F16D-4380-91FD-F08B365C74A7}.CD_ROM|Mixed Platforms.Build.0 = Release|Any CPU
		{B8B8FC45-F16D-4380-91FD-F08B365C74A7}.CD_ROM|x86.ActiveCfg = Release|Any CPU
		{B8B8FC45-F16D-4380-91FD-F08B365C74A7}.Debug|Any CPU.ActiveCfg = Debug|Any CPU
		{B8B8FC45-F16D-4380-91FD-F08B365C74A7}.Debug|Any CPU.Build.0 = Debug|Any CPU
		{B8B8FC45-F16D-4380-91FD-F08B365C74A7}.Debug|Mixed Platforms.ActiveCfg = Debug|Any CPU
		{B8B8FC45-F16D-4380-91FD-F08B365C74A7}.Debug|Mixed Platforms.Build.0 = Debug|Any CPU
		{B8B8FC45-F16D-4380-91FD-F08B365C74A7}.Debug|x86.ActiveCfg = Debug|Any CPU
		{B8B8FC45-F16D-4380-91FD-F08B365C74A7}.DVD-5|Any CPU.ActiveCfg = Debug|Any CPU
		{B8B8FC45-F16D-4380-91FD-F08B365C74A7}.DVD-5|Any CPU.Build.0 = Debug|Any CPU
		{B8B8FC45-F16D-4380-91FD-F08B365C74A7}.DVD-5|Mixed Platforms.ActiveCfg = Debug|Any CPU
		{B8B8FC45-F16D-4380-91FD-F08B365C74A7}.DVD-5|Mixed Platforms.Build.0 = Debug|Any CPU
		{B8B8FC45-F16D-4380-91FD-F08B365C74A7}.DVD-5|x86.ActiveCfg = Debug|Any CPU
		{B8B8FC45-F16D-4380-91FD-F08B365C74A7}.Release|Any CPU.ActiveCfg = Release|Any CPU
		{B8B8FC45-F16D-4380-91FD-F08B365C74A7}.Release|Any CPU.Build.0 = Release|Any CPU
		{B8B8FC45-F16D-4380-91FD-F08B365C74A7}.Release|Mixed Platforms.ActiveCfg = Release|Any CPU
		{B8B8FC45-F16D-4380-91FD-F08B365C74A7}.Release|Mixed Platforms.Build.0 = Release|Any CPU
		{B8B8FC45-F16D-4380-91FD-F08B365C74A7}.Release|x86.ActiveCfg = Release|Any CPU
		{B8B8FC45-F16D-4380-91FD-F08B365C74A7}.SingleImage|Any CPU.ActiveCfg = Release|Any CPU
		{B8B8FC45-F16D-4380-91FD-F08B365C74A7}.SingleImage|Any CPU.Build.0 = Release|Any CPU
		{B8B8FC45-F16D-4380-91FD-F08B365C74A7}.SingleImage|Mixed Platforms.ActiveCfg = Release|Any CPU
		{B8B8FC45-F16D-4380-91FD-F08B365C74A7}.SingleImage|Mixed Platforms.Build.0 = Release|Any CPU
		{B8B8FC45-F16D-4380-91FD-F08B365C74A7}.SingleImage|x86.ActiveCfg = Release|Any CPU
		{455F649D-B01B-4B20-B648-805461BF3142}.CD_ROM|Any CPU.ActiveCfg = Release|Any CPU
		{455F649D-B01B-4B20-B648-805461BF3142}.CD_ROM|Any CPU.Build.0 = Release|Any CPU
		{455F649D-B01B-4B20-B648-805461BF3142}.CD_ROM|Mixed Platforms.ActiveCfg = Release|Any CPU
		{455F649D-B01B-4B20-B648-805461BF3142}.CD_ROM|Mixed Platforms.Build.0 = Release|Any CPU
		{455F649D-B01B-4B20-B648-805461BF3142}.CD_ROM|x86.ActiveCfg = Release|Any CPU
		{455F649D-B01B-4B20-B648-805461BF3142}.Debug|Any CPU.ActiveCfg = Debug|Any CPU
		{455F649D-B01B-4B20-B648-805461BF3142}.Debug|Any CPU.Build.0 = Debug|Any CPU
		{455F649D-B01B-4B20-B648-805461BF3142}.Debug|Mixed Platforms.ActiveCfg = Debug|Any CPU
		{455F649D-B01B-4B20-B648-805461BF3142}.Debug|Mixed Platforms.Build.0 = Debug|Any CPU
		{455F649D-B01B-4B20-B648-805461BF3142}.Debug|x86.ActiveCfg = Debug|Any CPU
		{455F649D-B01B-4B20-B648-805461BF3142}.DVD-5|Any CPU.ActiveCfg = Debug|Any CPU
		{455F649D-B01B-4B20-B648-805461BF3142}.DVD-5|Any CPU.Build.0 = Debug|Any CPU
		{455F649D-B01B-4B20-B648-805461BF3142}.DVD-5|Mixed Platforms.ActiveCfg = Debug|Any CPU
		{455F649D-B01B-4B20-B648-805461BF3142}.DVD-5|Mixed Platforms.Build.0 = Debug|Any CPU
		{455F649D-B01B-4B20-B648-805461BF3142}.DVD-5|x86.ActiveCfg = Debug|Any CPU
		{455F649D-B01B-4B20-B648-805461BF3142}.Release|Any CPU.ActiveCfg = Release|Any CPU
		{455F649D-B01B-4B20-B648-805461BF3142}.Release|Any CPU.Build.0 = Release|Any CPU
		{455F649D-B01B-4B20-B648-805461BF3142}.Release|Mixed Platforms.ActiveCfg = Release|Any CPU
		{455F649D-B01B-4B20-B648-805461BF3142}.Release|Mixed Platforms.Build.0 = Release|Any CPU
		{455F649D-B01B-4B20-B648-805461BF3142}.Release|x86.ActiveCfg = Release|Any CPU
		{455F649D-B01B-4B20-B648-805461BF3142}.SingleImage|Any CPU.ActiveCfg = Release|Any CPU
		{455F649D-B01B-4B20-B648-805461BF3142}.SingleImage|Any CPU.Build.0 = Release|Any CPU
		{455F649D-B01B-4B20-B648-805461BF3142}.SingleImage|Mixed Platforms.ActiveCfg = Release|Any CPU
		{455F649D-B01B-4B20-B648-805461BF3142}.SingleImage|Mixed Platforms.Build.0 = Release|Any CPU
		{455F649D-B01B-4B20-B648-805461BF3142}.SingleImage|x86.ActiveCfg = Release|Any CPU
		{B90EB1EA-6095-49C1-8DC1-1FA1D1BF3D84}.CD_ROM|Any CPU.ActiveCfg = Release|x86
		{B90EB1EA-6095-49C1-8DC1-1FA1D1BF3D84}.CD_ROM|Mixed Platforms.ActiveCfg = Release|x86
		{B90EB1EA-6095-49C1-8DC1-1FA1D1BF3D84}.CD_ROM|Mixed Platforms.Build.0 = Release|x86
		{B90EB1EA-6095-49C1-8DC1-1FA1D1BF3D84}.CD_ROM|x86.ActiveCfg = Release|x86
		{B90EB1EA-6095-49C1-8DC1-1FA1D1BF3D84}.CD_ROM|x86.Build.0 = Release|x86
		{B90EB1EA-6095-49C1-8DC1-1FA1D1BF3D84}.Debug|Any CPU.ActiveCfg = Debug|x86
		{B90EB1EA-6095-49C1-8DC1-1FA1D1BF3D84}.Debug|Mixed Platforms.ActiveCfg = Debug|x86
		{B90EB1EA-6095-49C1-8DC1-1FA1D1BF3D84}.Debug|Mixed Platforms.Build.0 = Debug|x86
		{B90EB1EA-6095-49C1-8DC1-1FA1D1BF3D84}.Debug|x86.ActiveCfg = Debug|x86
		{B90EB1EA-6095-49C1-8DC1-1FA1D1BF3D84}.Debug|x86.Build.0 = Debug|x86
		{B90EB1EA-6095-49C1-8DC1-1FA1D1BF3D84}.DVD-5|Any CPU.ActiveCfg = Debug|x86
		{B90EB1EA-6095-49C1-8DC1-1FA1D1BF3D84}.DVD-5|Mixed Platforms.ActiveCfg = Debug|x86
		{B90EB1EA-6095-49C1-8DC1-1FA1D1BF3D84}.DVD-5|Mixed Platforms.Build.0 = Debug|x86
		{B90EB1EA-6095-49C1-8DC1-1FA1D1BF3D84}.DVD-5|x86.ActiveCfg = Debug|x86
		{B90EB1EA-6095-49C1-8DC1-1FA1D1BF3D84}.DVD-5|x86.Build.0 = Debug|x86
		{B90EB1EA-6095-49C1-8DC1-1FA1D1BF3D84}.Release|Any CPU.ActiveCfg = Release|x86
		{B90EB1EA-6095-49C1-8DC1-1FA1D1BF3D84}.Release|Mixed Platforms.ActiveCfg = Release|x86
		{B90EB1EA-6095-49C1-8DC1-1FA1D1BF3D84}.Release|Mixed Platforms.Build.0 = Release|x86
		{B90EB1EA-6095-49C1-8DC1-1FA1D1BF3D84}.Release|x86.ActiveCfg = Release|x86
		{B90EB1EA-6095-49C1-8DC1-1FA1D1BF3D84}.Release|x86.Build.0 = Release|x86
		{B90EB1EA-6095-49C1-8DC1-1FA1D1BF3D84}.SingleImage|Any CPU.ActiveCfg = Release|x86
		{B90EB1EA-6095-49C1-8DC1-1FA1D1BF3D84}.SingleImage|Mixed Platforms.ActiveCfg = Release|x86
		{B90EB1EA-6095-49C1-8DC1-1FA1D1BF3D84}.SingleImage|Mixed Platforms.Build.0 = Release|x86
		{B90EB1EA-6095-49C1-8DC1-1FA1D1BF3D84}.SingleImage|x86.ActiveCfg = Release|x86
		{B90EB1EA-6095-49C1-8DC1-1FA1D1BF3D84}.SingleImage|x86.Build.0 = Release|x86
		{94FCF27F-D4F1-456F-9D5E-60C40E4A45CB}.CD_ROM|Any CPU.ActiveCfg = Release|Any CPU
		{94FCF27F-D4F1-456F-9D5E-60C40E4A45CB}.CD_ROM|Any CPU.Build.0 = Release|Any CPU
		{94FCF27F-D4F1-456F-9D5E-60C40E4A45CB}.CD_ROM|Mixed Platforms.ActiveCfg = Release|Any CPU
		{94FCF27F-D4F1-456F-9D5E-60C40E4A45CB}.CD_ROM|Mixed Platforms.Build.0 = Release|Any CPU
		{94FCF27F-D4F1-456F-9D5E-60C40E4A45CB}.CD_ROM|x86.ActiveCfg = Release|Any CPU
		{94FCF27F-D4F1-456F-9D5E-60C40E4A45CB}.Debug|Any CPU.ActiveCfg = Debug|Any CPU
		{94FCF27F-D4F1-456F-9D5E-60C40E4A45CB}.Debug|Any CPU.Build.0 = Debug|Any CPU
		{94FCF27F-D4F1-456F-9D5E-60C40E4A45CB}.Debug|Mixed Platforms.ActiveCfg = Debug|Any CPU
		{94FCF27F-D4F1-456F-9D5E-60C40E4A45CB}.Debug|Mixed Platforms.Build.0 = Debug|Any CPU
		{94FCF27F-D4F1-456F-9D5E-60C40E4A45CB}.Debug|x86.ActiveCfg = Debug|Any CPU
		{94FCF27F-D4F1-456F-9D5E-60C40E4A45CB}.DVD-5|Any CPU.ActiveCfg = Debug|Any CPU
		{94FCF27F-D4F1-456F-9D5E-60C40E4A45CB}.DVD-5|Any CPU.Build.0 = Debug|Any CPU
		{94FCF27F-D4F1-456F-9D5E-60C40E4A45CB}.DVD-5|Mixed Platforms.ActiveCfg = Debug|Any CPU
		{94FCF27F-D4F1-456F-9D5E-60C40E4A45CB}.DVD-5|Mixed Platforms.Build.0 = Debug|Any CPU
		{94FCF27F-D4F1-456F-9D5E-60C40E4A45CB}.DVD-5|x86.ActiveCfg = Debug|Any CPU
		{94FCF27F-D4F1-456F-9D5E-60C40E4A45CB}.Release|Any CPU.ActiveCfg = Release|Any CPU
		{94FCF27F-D4F1-456F-9D5E-60C40E4A45CB}.Release|Any CPU.Build.0 = Release|Any CPU
		{94FCF27F-D4F1-456F-9D5E-60C40E4A45CB}.Release|Mixed Platforms.ActiveCfg = Release|Any CPU
		{94FCF27F-D4F1-456F-9D5E-60C40E4A45CB}.Release|Mixed Platforms.Build.0 = Release|Any CPU
		{94FCF27F-D4F1-456F-9D5E-60C40E4A45CB}.Release|x86.ActiveCfg = Release|Any CPU
		{94FCF27F-D4F1-456F-9D5E-60C40E4A45CB}.SingleImage|Any CPU.ActiveCfg = Release|Any CPU
		{94FCF27F-D4F1-456F-9D5E-60C40E4A45CB}.SingleImage|Any CPU.Build.0 = Release|Any CPU
		{94FCF27F-D4F1-456F-9D5E-60C40E4A45CB}.SingleImage|Mixed Platforms.ActiveCfg = Release|Any CPU
		{94FCF27F-D4F1-456F-9D5E-60C40E4A45CB}.SingleImage|Mixed Platforms.Build.0 = Release|Any CPU
		{94FCF27F-D4F1-456F-9D5E-60C40E4A45CB}.SingleImage|x86.ActiveCfg = Release|Any CPU
		{13AC29CB-866A-4954-B376-7FCA5412DDF1}.CD_ROM|Any CPU.ActiveCfg = Release|Any CPU
		{13AC29CB-866A-4954-B376-7FCA5412DDF1}.CD_ROM|Any CPU.Build.0 = Release|Any CPU
		{13AC29CB-866A-4954-B376-7FCA5412DDF1}.CD_ROM|Mixed Platforms.ActiveCfg = Release|Any CPU
		{13AC29CB-866A-4954-B376-7FCA5412DDF1}.CD_ROM|Mixed Platforms.Build.0 = Release|Any CPU
		{13AC29CB-866A-4954-B376-7FCA5412DDF1}.CD_ROM|x86.ActiveCfg = Release|Any CPU
		{13AC29CB-866A-4954-B376-7FCA5412DDF1}.Debug|Any CPU.ActiveCfg = Debug|Any CPU
		{13AC29CB-866A-4954-B376-7FCA5412DDF1}.Debug|Any CPU.Build.0 = Debug|Any CPU
		{13AC29CB-866A-4954-B376-7FCA5412DDF1}.Debug|Mixed Platforms.ActiveCfg = Debug|Any CPU
		{13AC29CB-866A-4954-B376-7FCA5412DDF1}.Debug|Mixed Platforms.Build.0 = Debug|Any CPU
		{13AC29CB-866A-4954-B376-7FCA5412DDF1}.Debug|x86.ActiveCfg = Debug|Any CPU
		{13AC29CB-866A-4954-B376-7FCA5412DDF1}.DVD-5|Any CPU.ActiveCfg = Debug|Any CPU
		{13AC29CB-866A-4954-B376-7FCA5412DDF1}.DVD-5|Any CPU.Build.0 = Debug|Any CPU
		{13AC29CB-866A-4954-B376-7FCA5412DDF1}.DVD-5|Mixed Platforms.ActiveCfg = Debug|Any CPU
		{13AC29CB-866A-4954-B376-7FCA5412DDF1}.DVD-5|Mixed Platforms.Build.0 = Debug|Any CPU
		{13AC29CB-866A-4954-B376-7FCA5412DDF1}.DVD-5|x86.ActiveCfg = Debug|Any CPU
		{13AC29CB-866A-4954-B376-7FCA5412DDF1}.Release|Any CPU.ActiveCfg = Release|Any CPU
		{13AC29CB-866A-4954-B376-7FCA5412DDF1}.Release|Any CPU.Build.0 = Release|Any CPU
		{13AC29CB-866A-4954-B376-7FCA5412DDF1}.Release|Mixed Platforms.ActiveCfg = Release|Any CPU
		{13AC29CB-866A-4954-B376-7FCA5412DDF1}.Release|Mixed Platforms.Build.0 = Release|Any CPU
		{13AC29CB-866A-4954-B376-7FCA5412DDF1}.Release|x86.ActiveCfg = Release|Any CPU
		{13AC29CB-866A-4954-B376-7FCA5412DDF1}.SingleImage|Any CPU.ActiveCfg = Release|Any CPU
		{13AC29CB-866A-4954-B376-7FCA5412DDF1}.SingleImage|Any CPU.Build.0 = Release|Any CPU
		{13AC29CB-866A-4954-B376-7FCA5412DDF1}.SingleImage|Mixed Platforms.ActiveCfg = Release|Any CPU
		{13AC29CB-866A-4954-B376-7FCA5412DDF1}.SingleImage|Mixed Platforms.Build.0 = Release|Any CPU
		{13AC29CB-866A-4954-B376-7FCA5412DDF1}.SingleImage|x86.ActiveCfg = Release|Any CPU
		{0AFBA132-21FF-439B-9967-D3DA56484386}.CD_ROM|Any CPU.ActiveCfg = CD_ROM
		{0AFBA132-21FF-439B-9967-D3DA56484386}.CD_ROM|Any CPU.Build.0 = CD_ROM
		{0AFBA132-21FF-439B-9967-D3DA56484386}.CD_ROM|Mixed Platforms.ActiveCfg = CD_ROM
		{0AFBA132-21FF-439B-9967-D3DA56484386}.CD_ROM|Mixed Platforms.Build.0 = CD_ROM
		{0AFBA132-21FF-439B-9967-D3DA56484386}.CD_ROM|x86.ActiveCfg = CD_ROM
		{0AFBA132-21FF-439B-9967-D3DA56484386}.CD_ROM|x86.Build.0 = CD_ROM
		{0AFBA132-21FF-439B-9967-D3DA56484386}.Debug|Any CPU.ActiveCfg = DVD-5
		{0AFBA132-21FF-439B-9967-D3DA56484386}.Debug|Any CPU.Build.0 = DVD-5
		{0AFBA132-21FF-439B-9967-D3DA56484386}.Debug|Mixed Platforms.ActiveCfg = DVD-5
		{0AFBA132-21FF-439B-9967-D3DA56484386}.Debug|Mixed Platforms.Build.0 = DVD-5
		{0AFBA132-21FF-439B-9967-D3DA56484386}.Debug|x86.ActiveCfg = DVD-5
		{0AFBA132-21FF-439B-9967-D3DA56484386}.Debug|x86.Build.0 = DVD-5
		{0AFBA132-21FF-439B-9967-D3DA56484386}.DVD-5|Any CPU.ActiveCfg = DVD-5
		{0AFBA132-21FF-439B-9967-D3DA56484386}.DVD-5|Any CPU.Build.0 = DVD-5
		{0AFBA132-21FF-439B-9967-D3DA56484386}.DVD-5|Mixed Platforms.ActiveCfg = DVD-5
		{0AFBA132-21FF-439B-9967-D3DA56484386}.DVD-5|Mixed Platforms.Build.0 = DVD-5
		{0AFBA132-21FF-439B-9967-D3DA56484386}.DVD-5|x86.ActiveCfg = DVD-5
		{0AFBA132-21FF-439B-9967-D3DA56484386}.DVD-5|x86.Build.0 = DVD-5
		{0AFBA132-21FF-439B-9967-D3DA56484386}.Release|Any CPU.ActiveCfg = SingleImage
		{0AFBA132-21FF-439B-9967-D3DA56484386}.Release|Any CPU.Build.0 = SingleImage
		{0AFBA132-21FF-439B-9967-D3DA56484386}.Release|Mixed Platforms.ActiveCfg = SingleImage
		{0AFBA132-21FF-439B-9967-D3DA56484386}.Release|Mixed Platforms.Build.0 = SingleImage
		{0AFBA132-21FF-439B-9967-D3DA56484386}.Release|x86.ActiveCfg = SingleImage
		{0AFBA132-21FF-439B-9967-D3DA56484386}.Release|x86.Build.0 = SingleImage
		{0AFBA132-21FF-439B-9967-D3DA56484386}.SingleImage|Any CPU.ActiveCfg = SingleImage
		{0AFBA132-21FF-439B-9967-D3DA56484386}.SingleImage|Any CPU.Build.0 = SingleImage
		{0AFBA132-21FF-439B-9967-D3DA56484386}.SingleImage|Mixed Platforms.ActiveCfg = SingleImage
		{0AFBA132-21FF-439B-9967-D3DA56484386}.SingleImage|Mixed Platforms.Build.0 = SingleImage
		{0AFBA132-21FF-439B-9967-D3DA56484386}.SingleImage|x86.ActiveCfg = SingleImage
		{0AFBA132-21FF-439B-9967-D3DA56484386}.SingleImage|x86.Build.0 = SingleImage
		{42724157-1008-4F85-8739-52AAA0BC5705}.CD_ROM|Any CPU.ActiveCfg = Release|Any CPU
		{42724157-1008-4F85-8739-52AAA0BC5705}.CD_ROM|Any CPU.Build.0 = Release|Any CPU
		{42724157-1008-4F85-8739-52AAA0BC5705}.CD_ROM|Mixed Platforms.ActiveCfg = Release|Any CPU
		{42724157-1008-4F85-8739-52AAA0BC5705}.CD_ROM|Mixed Platforms.Build.0 = Release|Any CPU
		{42724157-1008-4F85-8739-52AAA0BC5705}.CD_ROM|x86.ActiveCfg = Release|Any CPU
		{42724157-1008-4F85-8739-52AAA0BC5705}.Debug|Any CPU.ActiveCfg = Debug|Any CPU
		{42724157-1008-4F85-8739-52AAA0BC5705}.Debug|Any CPU.Build.0 = Debug|Any CPU
		{42724157-1008-4F85-8739-52AAA0BC5705}.Debug|Mixed Platforms.ActiveCfg = Debug|Any CPU
		{42724157-1008-4F85-8739-52AAA0BC5705}.Debug|Mixed Platforms.Build.0 = Debug|Any CPU
		{42724157-1008-4F85-8739-52AAA0BC5705}.Debug|x86.ActiveCfg = Debug|Any CPU
		{42724157-1008-4F85-8739-52AAA0BC5705}.DVD-5|Any CPU.ActiveCfg = Debug|Any CPU
		{42724157-1008-4F85-8739-52AAA0BC5705}.DVD-5|Any CPU.Build.0 = Debug|Any CPU
		{42724157-1008-4F85-8739-52AAA0BC5705}.DVD-5|Mixed Platforms.ActiveCfg = Debug|Any CPU
		{42724157-1008-4F85-8739-52AAA0BC5705}.DVD-5|Mixed Platforms.Build.0 = Debug|Any CPU
		{42724157-1008-4F85-8739-52AAA0BC5705}.DVD-5|x86.ActiveCfg = Debug|Any CPU
		{42724157-1008-4F85-8739-52AAA0BC5705}.Release|Any CPU.ActiveCfg = Release|Any CPU
		{42724157-1008-4F85-8739-52AAA0BC5705}.Release|Any CPU.Build.0 = Release|Any CPU
		{42724157-1008-4F85-8739-52AAA0BC5705}.Release|Mixed Platforms.ActiveCfg = Release|Any CPU
		{42724157-1008-4F85-8739-52AAA0BC5705}.Release|Mixed Platforms.Build.0 = Release|Any CPU
		{42724157-1008-4F85-8739-52AAA0BC5705}.Release|x86.ActiveCfg = Release|Any CPU
		{42724157-1008-4F85-8739-52AAA0BC5705}.SingleImage|Any CPU.ActiveCfg = Release|Any CPU
		{42724157-1008-4F85-8739-52AAA0BC5705}.SingleImage|Any CPU.Build.0 = Release|Any CPU
		{42724157-1008-4F85-8739-52AAA0BC5705}.SingleImage|Mixed Platforms.ActiveCfg = Release|Any CPU
		{42724157-1008-4F85-8739-52AAA0BC5705}.SingleImage|Mixed Platforms.Build.0 = Release|Any CPU
		{42724157-1008-4F85-8739-52AAA0BC5705}.SingleImage|x86.ActiveCfg = Release|Any CPU
		{CC96156B-A842-4456-9A34-F9C6B3F616F0}.CD_ROM|Any CPU.ActiveCfg = Release|Any CPU
		{CC96156B-A842-4456-9A34-F9C6B3F616F0}.CD_ROM|Any CPU.Build.0 = Release|Any CPU
		{CC96156B-A842-4456-9A34-F9C6B3F616F0}.CD_ROM|Mixed Platforms.ActiveCfg = Release|Any CPU
		{CC96156B-A842-4456-9A34-F9C6B3F616F0}.CD_ROM|Mixed Platforms.Build.0 = Release|Any CPU
		{CC96156B-A842-4456-9A34-F9C6B3F616F0}.CD_ROM|x86.ActiveCfg = Release|Any CPU
		{CC96156B-A842-4456-9A34-F9C6B3F616F0}.Debug|Any CPU.ActiveCfg = Debug|Any CPU
		{CC96156B-A842-4456-9A34-F9C6B3F616F0}.Debug|Any CPU.Build.0 = Debug|Any CPU
		{CC96156B-A842-4456-9A34-F9C6B3F616F0}.Debug|Mixed Platforms.ActiveCfg = Debug|Any CPU
		{CC96156B-A842-4456-9A34-F9C6B3F616F0}.Debug|Mixed Platforms.Build.0 = Debug|Any CPU
		{CC96156B-A842-4456-9A34-F9C6B3F616F0}.Debug|x86.ActiveCfg = Debug|Any CPU
		{CC96156B-A842-4456-9A34-F9C6B3F616F0}.DVD-5|Any CPU.ActiveCfg = Debug|Any CPU
		{CC96156B-A842-4456-9A34-F9C6B3F616F0}.DVD-5|Any CPU.Build.0 = Debug|Any CPU
		{CC96156B-A842-4456-9A34-F9C6B3F616F0}.DVD-5|Mixed Platforms.ActiveCfg = Debug|Any CPU
		{CC96156B-A842-4456-9A34-F9C6B3F616F0}.DVD-5|Mixed Platforms.Build.0 = Debug|Any CPU
		{CC96156B-A842-4456-9A34-F9C6B3F616F0}.DVD-5|x86.ActiveCfg = Debug|Any CPU
		{CC96156B-A842-4456-9A34-F9C6B3F616F0}.Release|Any CPU.ActiveCfg = Release|Any CPU
		{CC96156B-A842-4456-9A34-F9C6B3F616F0}.Release|Any CPU.Build.0 = Release|Any CPU
		{CC96156B-A842-4456-9A34-F9C6B3F616F0}.Release|Mixed Platforms.ActiveCfg = Release|Any CPU
		{CC96156B-A842-4456-9A34-F9C6B3F616F0}.Release|Mixed Platforms.Build.0 = Release|Any CPU
		{CC96156B-A842-4456-9A34-F9C6B3F616F0}.Release|x86.ActiveCfg = Release|Any CPU
		{CC96156B-A842-4456-9A34-F9C6B3F616F0}.SingleImage|Any CPU.ActiveCfg = Release|Any CPU
		{CC96156B-A842-4456-9A34-F9C6B3F616F0}.SingleImage|Any CPU.Build.0 = Release|Any CPU
		{CC96156B-A842-4456-9A34-F9C6B3F616F0}.SingleImage|Mixed Platforms.ActiveCfg = Release|Any CPU
		{CC96156B-A842-4456-9A34-F9C6B3F616F0}.SingleImage|Mixed Platforms.Build.0 = Release|Any CPU
		{CC96156B-A842-4456-9A34-F9C6B3F616F0}.SingleImage|x86.ActiveCfg = Release|Any CPU
		{84931840-8BE3-4809-90C5-00E92D39E248}.CD_ROM|Any CPU.ActiveCfg = Release|Any CPU
		{84931840-8BE3-4809-90C5-00E92D39E248}.CD_ROM|Any CPU.Build.0 = Release|Any CPU
		{84931840-8BE3-4809-90C5-00E92D39E248}.CD_ROM|Mixed Platforms.ActiveCfg = Release|Any CPU
		{84931840-8BE3-4809-90C5-00E92D39E248}.CD_ROM|Mixed Platforms.Build.0 = Release|Any CPU
		{84931840-8BE3-4809-90C5-00E92D39E248}.CD_ROM|x86.ActiveCfg = Release|Any CPU
		{84931840-8BE3-4809-90C5-00E92D39E248}.Debug|Any CPU.ActiveCfg = Debug|Any CPU
		{84931840-8BE3-4809-90C5-00E92D39E248}.Debug|Any CPU.Build.0 = Debug|Any CPU
		{84931840-8BE3-4809-90C5-00E92D39E248}.Debug|Mixed Platforms.ActiveCfg = Debug|Any CPU
		{84931840-8BE3-4809-90C5-00E92D39E248}.Debug|Mixed Platforms.Build.0 = Debug|Any CPU
		{84931840-8BE3-4809-90C5-00E92D39E248}.Debug|x86.ActiveCfg = Debug|Any CPU
		{84931840-8BE3-4809-90C5-00E92D39E248}.DVD-5|Any CPU.ActiveCfg = Debug|Any CPU
		{84931840-8BE3-4809-90C5-00E92D39E248}.DVD-5|Any CPU.Build.0 = Debug|Any CPU
		{84931840-8BE3-4809-90C5-00E92D39E248}.DVD-5|Mixed Platforms.ActiveCfg = Debug|Any CPU
		{84931840-8BE3-4809-90C5-00E92D39E248}.DVD-5|Mixed Platforms.Build.0 = Debug|Any CPU
		{84931840-8BE3-4809-90C5-00E92D39E248}.DVD-5|x86.ActiveCfg = Debug|Any CPU
		{84931840-8BE3-4809-90C5-00E92D39E248}.Release|Any CPU.ActiveCfg = Release|Any CPU
		{84931840-8BE3-4809-90C5-00E92D39E248}.Release|Any CPU.Build.0 = Release|Any CPU
		{84931840-8BE3-4809-90C5-00E92D39E248}.Release|Mixed Platforms.ActiveCfg = Release|Any CPU
		{84931840-8BE3-4809-90C5-00E92D39E248}.Release|Mixed Platforms.Build.0 = Release|Any CPU
		{84931840-8BE3-4809-90C5-00E92D39E248}.Release|x86.ActiveCfg = Release|Any CPU
		{84931840-8BE3-4809-90C5-00E92D39E248}.SingleImage|Any CPU.ActiveCfg = Release|Any CPU
		{84931840-8BE3-4809-90C5-00E92D39E248}.SingleImage|Any CPU.Build.0 = Release|Any CPU
		{84931840-8BE3-4809-90C5-00E92D39E248}.SingleImage|Mixed Platforms.ActiveCfg = Release|Any CPU
		{84931840-8BE3-4809-90C5-00E92D39E248}.SingleImage|Mixed Platforms.Build.0 = Release|Any CPU
		{84931840-8BE3-4809-90C5-00E92D39E248}.SingleImage|x86.ActiveCfg = Release|Any CPU
	EndGlobalSection
	GlobalSection(SolutionProperties) = preSolution
		HideSolutionNode = FALSE
	EndGlobalSection
EndGlobal
